{
  "originHash" : "77e90e507c361f36bc2fc97c2cb8f6af2459348c00dce786657685234136a6d1",
  "pins" : [
    {
      "identity" : "dotlottie-ios",
      "kind" : "remoteSourceControl",
      "location" : "https://github.com/LottieFiles/dotlottie-ios",
      "state" : {
        "branch" : "main",
        "revision" : "f88d32df0e24b5dcefca052d0ea3ba0062e910bc"
      }
    },
    {
      "identity" : "purchases-ios-spm",
      "kind" : "remoteSourceControl",
      "location" : "https://github.com/RevenueCat/purchases-ios-spm",
      "state" : {
        "revision" : "2ae461666d96399aaab0207c6a941d8c130b1783",
        "version" : "5.49.0"
      }
    }
  ],
  "version" : 3
}
