{
  "originHash" : "cef94182fcb8382206b695ce4858c44506667002b1f369b943b22fdb507d07a9",
  "pins" : [
    {
      "identity" : "dotlottie-ios",
      "kind" : "remoteSourceControl",
      "location" : "https://github.com/LottieFiles/dotlottie-ios",
      "state" : {
        "branch" : "main",
        "revision" : "f88d32df0e24b5dcefca052d0ea3ba0062e910bc"
      }
    },
    {
      "identity" : "posthog-ios",
      "kind" : "remoteSourceControl",
      "location" : "https://github.com/PostHog/posthog-ios.git",
      "state" : {
        "revision" : "1ba3e8636d4f1ad9f18f5a4273e88d39a162466b",
        "version" : "3.41.1"
      }
    },
    {
      "identity" : "purchases-ios-spm",
      "kind" : "remoteSourceControl",
      "location" : "https://github.com/RevenueCat/purchases-ios-spm",
      "state" : {
        "revision" : "2ae461666d96399aaab0207c6a941d8c130b1783",
        "version" : "5.49.0"
      }
    }
  ],
  "version" : 3
}
